
Microsoft Visual Studio Solution File, Format Version 12.00
# Visual Studio 2013
VisualStudioVersion = 12.0.21005.1
MinimumVisualStudioVersion = 10.0.40219.1
Project("{FAE04EC0-301F-11D3-BF4B-00C04F79EFBC}") = "QLP.Common", "QLP.Common\QLP.Common.csproj", "{612EE5BE-D27D-44B7-956E-903136FE9880}"
EndProject
Project("{FAE04EC0-301F-11D3-BF4B-00C04F79EFBC}") = "QLP.SoRank.Forms", "QLP.SoRank.Forms\QLP.SoRank.Forms.csproj", "{10EEAAEF-DAD6-407D-BB96-835BC62C138E}"
EndProject
Global
	GlobalSection(SolutionConfigurationPlatforms) = preSolution
		Debug|Any CPU = Debug|Any CPU
		Release|Any CPU = Release|Any CPU
	EndGlobalSection
	GlobalSection(ProjectConfigurationPlatforms) = postSolution
		{612EE5BE-D27D-44B7-956E-903136FE9880}.Debug|Any CPU.ActiveCfg = Debug|Any CPU
		{612EE5BE-D27D-44B7-956E-903136FE9880}.Debug|Any CPU.Build.0 = Debug|Any CPU
		{612EE5BE-D27D-44B7-956E-903136FE9880}.Release|Any CPU.ActiveCfg = Release|Any CPU
		{612EE5BE-D27D-44B7-956E-903136FE9880}.Release|Any CPU.Build.0 = Release|Any CPU
		{10EEAAEF-DAD6-407D-BB96-835BC62C138E}.Debug|Any CPU.ActiveCfg = Debug|Any CPU
		{10EEAAEF-DAD6-407D-BB96-835BC62C138E}.Debug|Any CPU.Build.0 = Debug|Any CPU
		{10EEAAEF-DAD6-407D-BB96-835BC62C138E}.Release|Any CPU.ActiveCfg = Release|Any CPU
		{10EEAAEF-DAD6-407D-BB96-835BC62C138E}.Release|Any CPU.Build.0 = Release|Any CPU
	EndGlobalSection
	GlobalSection(SolutionProperties) = preSolution
		HideSolutionNode = FALSE
	EndGlobalSection
EndGlobal
